PODS:
  - FBSDKCoreKit (5.6.0):
    - FBSDKCoreKit/Basics (= 5.6.0)
    - FBSDKCoreKit/Core (= 5.6.0)
  - FBSDKCoreKit/Basics (5.6.0)
  - FBSDKCoreKit/Core (5.6.0):
    - FBSDKCoreKit/Basics
  - FBSDKLoginKit (5.6.0):
    - FBSDKLoginKit/Login (= 5.6.0)
  - FBSDKLoginKit/Login (5.6.0):
    - FBSDKCoreKit (~> 5.0)
  - FBSDKShareKit (5.6.0):
    - FBSDKShareKit/Share (= 5.6.0)
  - FBSDKShareKit/Share (5.6.0):
    - FBSDKCoreKit (~> 5.0)
  - Flutter (1.0.0)
  - image_picker (0.0.1):
    - Flutter
  - social_share_plugin (0.0.1):
    - FBSDKCoreKit (= 5.6.0)
    - FBSDKLoginKit (= 5.6.0)
    - FBSDKShareKit (= 5.6.0)
    - Flutter
    - TwitterKit
  - TwitterCore (3.2.0)
  - TwitterKit (3.4.2):
    - TwitterCore (>= 3.2.0)

DEPENDENCIES:
  - Flutter (from `.symlinks/flutter/ios`)
  - image_picker (from `.symlinks/plugins/image_picker/ios`)
  - social_share_plugin (from `.symlinks/plugins/social_share_plugin/ios`)

SPEC REPOS:
  https://github.com/cocoapods/specs.git:
    - FBSDKCoreKit
    - FBSDKLoginKit
    - FBSDKShareKit
    - TwitterCore
    - TwitterKit

EXTERNAL SOURCES:
  Flutter:
    :path: ".symlinks/flutter/ios"
  image_picker:
    :path: ".symlinks/plugins/image_picker/ios"
  social_share_plugin:
    :path: ".symlinks/plugins/social_share_plugin/ios"

SPEC CHECKSUMS:
  FBSDKCoreKit: d6655a343868d4bb5c29a60859bab07c3be14a0b
  FBSDKLoginKit: c5a623de88a6b0cda35b35582921f6cec2efcc36
  FBSDKShareKit: 0d8c4cfd5c1f185d5f9c26d79758b141086e1251
  Flutter: 58dd7d1b27887414a370fcccb9e645c08ffd7a6a
  image_picker: 16e5fec1fbc87fd3b297c53e4048521eaf17cd06
  social_share_plugin: ec0b1dde5c388906b10554b03dfd8eb73f6a154b
  TwitterCore: 8cbc9ad34d91c63a0035ea05bfbfc0d7ca72a28c
  TwitterKit: 5e4f41d70b9abdb41df5467f52d7aa2c0fd26ebb

PODFILE CHECKSUM: aff02bfeed411c636180d6812254b2daeea14d09

COCOAPODS: 1.7.4
